
Microsoft Visual Studio Solution File, Format Version 12.00
# Visual Studio Version 17
VisualStudioVersion = 17.3.32819.101
MinimumVisualStudioVersion = 10.0.40219.1
Project("{FAE04EC0-301F-11D3-BF4B-00C04F79EFBC}") = "DataAccesA", "DataAccesA\DataAccesA.csproj", "{A2B0B56E-ABA0-4622-BC80-86DC88E3549D}"
EndProject
Project("{FAE04EC0-301F-11D3-BF4B-00C04F79EFBC}") = "DomainA", "DomainA\DomainA.csproj", "{36BAAEC0-7503-44B5-9D49-13961DE57B22}"
EndProject
Project("{FAE04EC0-301F-11D3-BF4B-00C04F79EFBC}") = "PresentationA", "PresentationA\PresentationA.csproj", "{42C6B5FF-C8AB-4616-92BD-B0CD3E68E96B}"
EndProject
Global
	GlobalSection(SolutionConfigurationPlatforms) = preSolution
		Debug|Any CPU = Debug|Any CPU
		Release|Any CPU = Release|Any CPU
	EndGlobalSection
	GlobalSection(ProjectConfigurationPlatforms) = postSolution
		{A2B0B56E-ABA0-4622-BC80-86DC88E3549D}.Debug|Any CPU.ActiveCfg = Debug|Any CPU
		{A2B0B56E-ABA0-4622-BC80-86DC88E3549D}.Debug|Any CPU.Build.0 = Debug|Any CPU
		{A2B0B56E-ABA0-4622-BC80-86DC88E3549D}.Release|Any CPU.ActiveCfg = Release|Any CPU
		{A2B0B56E-ABA0-4622-BC80-86DC88E3549D}.Release|Any CPU.Build.0 = Release|Any CPU
		{36BAAEC0-7503-44B5-9D49-13961DE57B22}.Debug|Any CPU.ActiveCfg = Debug|Any CPU
		{36BAAEC0-7503-44B5-9D49-13961DE57B22}.Debug|Any CPU.Build.0 = Debug|Any CPU
		{36BAAEC0-7503-44B5-9D49-13961DE57B22}.Release|Any CPU.ActiveCfg = Release|Any CPU
		{36BAAEC0-7503-44B5-9D49-13961DE57B22}.Release|Any CPU.Build.0 = Release|Any CPU
		{42C6B5FF-C8AB-4616-92BD-B0CD3E68E96B}.Debug|Any CPU.ActiveCfg = Debug|Any CPU
		{42C6B5FF-C8AB-4616-92BD-B0CD3E68E96B}.Debug|Any CPU.Build.0 = Debug|Any CPU
		{42C6B5FF-C8AB-4616-92BD-B0CD3E68E96B}.Release|Any CPU.ActiveCfg = Release|Any CPU
		{42C6B5FF-C8AB-4616-92BD-B0CD3E68E96B}.Release|Any CPU.Build.0 = Release|Any CPU
	EndGlobalSection
	GlobalSection(SolutionProperties) = preSolution
		HideSolutionNode = FALSE
	EndGlobalSection
	GlobalSection(ExtensibilityGlobals) = postSolution
		SolutionGuid = {85212F37-938F-4688-A0BE-9CE758E2492C}
	EndGlobalSection
EndGlobal
