
Microsoft Visual Studio Solution File, Format Version 12.00
# Visual Studio Version 16
VisualStudioVersion = 16.0.31205.134
MinimumVisualStudioVersion = 10.0.40219.1
Project("{9A19103F-16F7-4668-BE54-9A1E7A4F7556}") = "Presentation", "Presentation\Presentation.csproj", "{6034BECF-411A-41E0-81B2-4369F97D64BE}"
EndProject
Project("{9A19103F-16F7-4668-BE54-9A1E7A4F7556}") = "Domain", "Domain\Domain.csproj", "{CAD28A0D-550F-4ABD-BD63-4A128C957325}"
EndProject
Project("{9A19103F-16F7-4668-BE54-9A1E7A4F7556}") = "DataAccess", "DataAccess\DataAccess.csproj", "{B25E35E0-8A5B-4B57-8743-B883B4780017}"
EndProject
Global
	GlobalSection(SolutionConfigurationPlatforms) = preSolution
		Debug|Any CPU = Debug|Any CPU
		Release|Any CPU = Release|Any CPU
	EndGlobalSection
	GlobalSection(ProjectConfigurationPlatforms) = postSolution
		{6034BECF-411A-41E0-81B2-4369F97D64BE}.Debug|Any CPU.ActiveCfg = Debug|Any CPU
		{6034BECF-411A-41E0-81B2-4369F97D64BE}.Debug|Any CPU.Build.0 = Debug|Any CPU
		{6034BECF-411A-41E0-81B2-4369F97D64BE}.Release|Any CPU.ActiveCfg = Release|Any CPU
		{6034BECF-411A-41E0-81B2-4369F97D64BE}.Release|Any CPU.Build.0 = Release|Any CPU
		{CAD28A0D-550F-4ABD-BD63-4A128C957325}.Debug|Any CPU.ActiveCfg = Debug|Any CPU
		{CAD28A0D-550F-4ABD-BD63-4A128C957325}.Debug|Any CPU.Build.0 = Debug|Any CPU
		{CAD28A0D-550F-4ABD-BD63-4A128C957325}.Release|Any CPU.ActiveCfg = Release|Any CPU
		{CAD28A0D-550F-4ABD-BD63-4A128C957325}.Release|Any CPU.Build.0 = Release|Any CPU
		{B25E35E0-8A5B-4B57-8743-B883B4780017}.Debug|Any CPU.ActiveCfg = Debug|Any CPU
		{B25E35E0-8A5B-4B57-8743-B883B4780017}.Debug|Any CPU.Build.0 = Debug|Any CPU
		{B25E35E0-8A5B-4B57-8743-B883B4780017}.Release|Any CPU.ActiveCfg = Release|Any CPU
		{B25E35E0-8A5B-4B57-8743-B883B4780017}.Release|Any CPU.Build.0 = Release|Any CPU
	EndGlobalSection
	GlobalSection(SolutionProperties) = preSolution
		HideSolutionNode = FALSE
	EndGlobalSection
	GlobalSection(ExtensibilityGlobals) = postSolution
		SolutionGuid = {85212F37-938F-4688-A0BE-9CE758E2492C}
	EndGlobalSection
EndGlobal
